PODS:
  - FBSnapshotTestCase (2.1.4):
    - FBSnapshotTestCase/SwiftSupport (= 2.1.4)
  - FBSnapshotTestCase/Core (2.1.4)
  - FBSnapshotTestCase/SwiftSupport (2.1.4):
    - FBSnapshotTestCase/Core
  - SFCategory (0.1.1):
    - SFCategory/SFFoundation (= 0.1.1)
    - SFCategory/SFKit (= 0.1.1)
  - SFCategory/SFFoundation (0.1.1):
    - SFCategory/SFFoundation/NSObject (= 0.1.1)
    - SFCategory/SFFoundation/NSString (= 0.1.1)
  - SFCategory/SFFoundation/NSObject (0.1.1)
  - SFCategory/SFFoundation/NSString (0.1.1)
  - SFCategory/SFKit (0.1.1):
    - SFCategory/SFKit/UIImage (= 0.1.1)
    - SFCategory/SFKit/UIImageView (= 0.1.1)
    - SFCategory/SFKit/UIView (= 0.1.1)
    - SFCategory/SFKit/UIViewController (= 0.1.1)
  - SFCategory/SFKit/UIImage (0.1.1)
  - SFCategory/SFKit/UIImageView (0.1.1)
  - SFCategory/SFKit/UIView (0.1.1)
  - SFCategory/SFKit/UIViewController (0.1.1)

DEPENDENCIES:
  - FBSnapshotTestCase
  - SFCategory (from `../`)

SPEC REPOS:
  trunk:
    - FBSnapshotTestCase

EXTERNAL SOURCES:
  SFCategory:
    :path: "../"

SPEC CHECKSUMS:
  FBSnapshotTestCase: 094f9f314decbabe373b87cc339bea235a63e07a
  SFCategory: 8f0abf42379314d513ef9d550115859454fb42bc

PODFILE CHECKSUM: fcfde905b6fcb970850a01a4c7cb0f50f69f5ffc

COCOAPODS: 1.9.3
