PODS:
  - FBSnapshotTestCase (2.1.4):
    - FBSnapshotTestCase/SwiftSupport (= 2.1.4)
  - FBSnapshotTestCase/Core (2.1.4)
  - FBSnapshotTestCase/SwiftSupport (2.1.4):
    - FBSnapshotTestCase/Core
  - SFCategory (0.1.0):
    - SFCategory/SFFoundation (= 0.1.0)
    - SFCategory/SFKit (= 0.1.0)
  - SFCategory/SFFoundation (0.1.0):
    - SFCategory/SFFoundation/NSObject (= 0.1.0)
    - SFCategory/SFFoundation/NSString (= 0.1.0)
  - SFCategory/SFFoundation/NSObject (0.1.0)
  - SFCategory/SFFoundation/NSString (0.1.0)
  - SFCategory/SFKit (0.1.0):
    - SFCategory/SFKit/UIImage (= 0.1.0)
    - SFCategory/SFKit/UIImageView (= 0.1.0)
    - SFCategory/SFKit/UIView (= 0.1.0)
    - SFCategory/SFKit/UIViewController (= 0.1.0)
  - SFCategory/SFKit/UIImage (0.1.0)
  - SFCategory/SFKit/UIImageView (0.1.0)
  - SFCategory/SFKit/UIView (0.1.0)
  - SFCategory/SFKit/UIViewController (0.1.0)

DEPENDENCIES:
  - FBSnapshotTestCase
  - SFCategory (from `../`)

SPEC REPOS:
  trunk:
    - FBSnapshotTestCase

EXTERNAL SOURCES:
  SFCategory:
    :path: "../"

SPEC CHECKSUMS:
  FBSnapshotTestCase: 094f9f314decbabe373b87cc339bea235a63e07a
  SFCategory: 5e64512eabe7d8d456d15577ff49fa536c3b0d59

PODFILE CHECKSUM: fcfde905b6fcb970850a01a4c7cb0f50f69f5ffc

COCOAPODS: 1.9.3
